[[package]]
category = "main"
description = "Cross-platform colored terminal text."
name = "colorama"
optional = false
python-versions = ">=2.7, !=3.0.*, !=3.1.*, !=3.2.*, !=3.3.*, !=3.4.*"
version = "0.4.3"

[[package]]
category = "dev"
description = "Code coverage measurement for Python"
name = "coverage"
optional = false
python-versions = ">=2.7, !=3.0.*, !=3.1.*, !=3.2.*, !=3.3.*, !=3.4.*, <4"
version = "5.0"

[package.extras]
toml = ["toml"]

[[package]]
category = "main"
description = "A simple Python wrapper for ffmpeg"
name = "ffmpy"
optional = false
python-versions = "*"
version = "0.2.2"

[[package]]
category = "dev"
description = "Rolling backport of unittest.mock for all Pythons"
name = "mock"
optional = false
python-versions = ">=2.7, !=3.0.*, !=3.1.*, !=3.2.*, !=3.3.*"
version = "3.0.5"

[package.dependencies]
six = "*"

[package.extras]
build = ["twine", "wheel", "blurb"]
docs = ["sphinx"]
test = ["pytest", "pytest-cov"]

[[package]]
category = "dev"
description = "nose extends unittest to make testing easier"
name = "nose"
optional = false
python-versions = "*"
version = "1.3.7"

[[package]]
category = "main"
description = "A Python wrapper for the mediainfo library."
name = "pymediainfo"
optional = false
python-versions = "*"
version = "4.1"

[package.dependencies]
setuptools = "*"

[[package]]
category = "dev"
description = "Python 2 and 3 compatibility utilities"
name = "six"
optional = false
python-versions = ">=2.6, !=3.0.*, !=3.1.*"
version = "1.13.0"

[[package]]
category = "main"
description = "Fast, Extensible Progress Meter"
name = "tqdm"
optional = false
python-versions = ">=2.6, !=3.0.*, !=3.1.*"
version = "4.40.2"

[package.extras]
dev = ["py-make (>=0.1.0)", "twine", "argopt", "pydoc-markdown"]

[[package]]
category = "main"
description = "This library is used for lots of shared functionality around parsing TV shows and movies."
name = "video-utils"
optional = false
python-versions = "*"
version = "1.1.1"

[package.dependencies]
colorama = "*"
ffmpy = "*"
pymediainfo = "*"
tqdm = "*"

[metadata]
content-hash = "7bd8413caf5822df693419ca8ae7f46c12453bf7be512795c0865f1fd31657ea"
python-versions = "^3.6"

[metadata.files]
colorama = [
    {file = "colorama-0.4.3-py2.py3-none-any.whl", hash = "sha256:7d73d2a99753107a36ac6b455ee49046802e59d9d076ef8e47b61499fa29afff"},
    {file = "colorama-0.4.3.tar.gz", hash = "sha256:e96da0d330793e2cb9485e9ddfd918d456036c7149416295932478192f4436a1"},
]
coverage = [
    {file = "coverage-5.0-cp27-cp27m-macosx_10_12_x86_64.whl", hash = "sha256:9c871b006c878a890c6e44a5b2f3c6291335324b298c904dc0402ee92ee1f0be"},
    {file = "coverage-5.0-cp27-cp27m-macosx_10_13_intel.whl", hash = "sha256:e5a675f6829c53c87d79117a8eb656cc4a5f8918185a32fc93ba09778e90f6db"},
    {file = "coverage-5.0-cp27-cp27m-manylinux1_i686.whl", hash = "sha256:81326f1095c53111f8afc95da281e1414185f4a538609a77ca50bdfa39a6c207"},
    {file = "coverage-5.0-cp27-cp27m-manylinux1_x86_64.whl", hash = "sha256:8873dc0d8f42142ea9f20c27bbdc485190fff93823c6795be661703369e5877d"},
    {file = "coverage-5.0-cp27-cp27m-win32.whl", hash = "sha256:44b783b02db03c4777d8cf71bae19eadc171a6f2a96777d916b2c30a1eb3d070"},
    {file = "coverage-5.0-cp27-cp27m-win_amd64.whl", hash = "sha256:d52c1c2d7e856cecc05aa0526453cb14574f821b7f413cc279b9514750d795c1"},
    {file = "coverage-5.0-cp27-cp27mu-manylinux1_i686.whl", hash = "sha256:ba259f68250f16d2444cbbfaddaa0bb20e1560a4fdaad50bece25c199e6af864"},
    {file = "coverage-5.0-cp27-cp27mu-manylinux1_x86_64.whl", hash = "sha256:475bf7c4252af0a56e1abba9606f1e54127cdf122063095c75ab04f6f99cf45e"},
    {file = "coverage-5.0-cp35-cp35m-macosx_10_12_x86_64.whl", hash = "sha256:91f2491aeab9599956c45a77c5666d323efdec790bfe23fcceafcd91105d585a"},
    {file = "coverage-5.0-cp35-cp35m-manylinux1_i686.whl", hash = "sha256:979daa8655ae5a51e8e7a24e7d34e250ae8309fd9719490df92cbb2fe2b0422b"},
    {file = "coverage-5.0-cp35-cp35m-manylinux1_x86_64.whl", hash = "sha256:1a4b6b6a2a3a6612e6361130c2cc3dc4378d8c221752b96167ccbad94b47f3cd"},
    {file = "coverage-5.0-cp35-cp35m-win32.whl", hash = "sha256:56b13000acf891f700f5067512b804d1ec8c301d627486c678b903859d07f798"},
    {file = "coverage-5.0-cp35-cp35m-win_amd64.whl", hash = "sha256:81042a24f67b96e4287774014fa27220d8a4d91af1043389e4d73892efc89ac6"},
    {file = "coverage-5.0-cp36-cp36m-macosx_10_13_x86_64.whl", hash = "sha256:fec32646b98baf4a22fdceb08703965bd16dea09051fbeb31a04b5b6e72b846c"},
    {file = "coverage-5.0-cp36-cp36m-manylinux1_i686.whl", hash = "sha256:7fe3e2fde2bf1d7ce25ebcd2d3de3650b8d60d9a73ce6dcef36e20191291613d"},
    {file = "coverage-5.0-cp36-cp36m-manylinux1_x86_64.whl", hash = "sha256:be1d89614c6b6c36d7578496dc8625123bda2ff44f224cf8b1c45b810ee7383f"},
    {file = "coverage-5.0-cp36-cp36m-win32.whl", hash = "sha256:47c81ee687eafc2f1db7f03fbe99aab81330565ebc62fb3b61edfc2216a550c8"},
    {file = "coverage-5.0-cp36-cp36m-win_amd64.whl", hash = "sha256:3be5338a2eb4ef03c57f20917e1d12a1fd10e3853fed060b6d6b677cb3745898"},
    {file = "coverage-5.0-cp37-cp37m-macosx_10_13_x86_64.whl", hash = "sha256:79388ae29c896299b3567965dbcd93255f175c17c6c7bca38614d12718c47466"},
    {file = "coverage-5.0-cp37-cp37m-manylinux1_i686.whl", hash = "sha256:4a7f8e72b18f2aca288ff02255ce32cc830bc04d993efbc87abf6beddc9e56c0"},
    {file = "coverage-5.0-cp37-cp37m-manylinux1_x86_64.whl", hash = "sha256:d609a6d564ad3d327e9509846c2c47f170456344521462b469e5cb39e48ba31c"},
    {file = "coverage-5.0-cp37-cp37m-win32.whl", hash = "sha256:50197163a22fd17f79086e087a787883b3ec9280a509807daf158dfc2a7ded02"},
    {file = "coverage-5.0-cp37-cp37m-win_amd64.whl", hash = "sha256:b5ed7837b923d1d71c4f587ae1539ccd96bfd6be9788f507dbe94dab5febbb5d"},
    {file = "coverage-5.0-cp38-cp38-macosx_10_13_x86_64.whl", hash = "sha256:c95bb147fab76f2ecde332d972d8f4138b8f2daee6c466af4ff3b4f29bd4c19e"},
    {file = "coverage-5.0-cp38-cp38-manylinux1_i686.whl", hash = "sha256:0cd13a6e98c37b510a2d34c8281d5e1a226aaf9b65b7d770ef03c63169965351"},
    {file = "coverage-5.0-cp38-cp38-manylinux1_x86_64.whl", hash = "sha256:88d2cbcb0a112f47eef71eb95460b6995da18e6f8ca50c264585abc2c473154b"},
    {file = "coverage-5.0-cp38-cp38m-win32.whl", hash = "sha256:2ee55e6dba516ddf6f484aa83ccabbb0adf45a18892204c23486938d12258cde"},
    {file = "coverage-5.0-cp38-cp38m-win_amd64.whl", hash = "sha256:a6d092545e5af53e960465f652e00efbf5357adad177b2630d63978d85e46a72"},
    {file = "coverage-5.0-cp39-cp39m-win32.whl", hash = "sha256:79fd5d3d62238c4f583b75d48d53cdae759fe04d4fb18fe8b371d88ad2b6f8be"},
    {file = "coverage-5.0-cp39-cp39m-win_amd64.whl", hash = "sha256:c1b030a79749aa8d1f1486885040114ee56933b15ccfc90049ba266e4aa2139f"},
    {file = "coverage-5.0.tar.gz", hash = "sha256:e1bad043c12fb58e8c7d92b3d7f2f49977dcb80a08a6d1e7a5114a11bf819fca"},
]
ffmpy = [
    {file = "ffmpy-0.2.2.tar.gz", hash = "sha256:65abdddfa2561bb86b6c9ecfced53c7a15ea5080db4ddad08da7de5a348929f1"},
]
mock = [
    {file = "mock-3.0.5-py2.py3-none-any.whl", hash = "sha256:d157e52d4e5b938c550f39eb2fd15610db062441a9c2747d3dbfa9298211d0f8"},
    {file = "mock-3.0.5.tar.gz", hash = "sha256:83657d894c90d5681d62155c82bda9c1187827525880eda8ff5df4ec813437c3"},
]
nose = [
    {file = "nose-1.3.7-py2-none-any.whl", hash = "sha256:dadcddc0aefbf99eea214e0f1232b94f2fa9bd98fa8353711dacb112bfcbbb2a"},
    {file = "nose-1.3.7-py3-none-any.whl", hash = "sha256:9ff7c6cc443f8c51994b34a667bbcf45afd6d945be7477b52e97516fd17c53ac"},
    {file = "nose-1.3.7.tar.gz", hash = "sha256:f1bffef9cbc82628f6e7d7b40d7e255aefaa1adb6a1b1d26c69a8b79e6208a98"},
]
pymediainfo = [
    {file = "pymediainfo-4.1-py2.py3-none-macosx_10_6_intel.whl", hash = "sha256:1d49afb43704adcde5f4d72dbb4755ec7d33fd50f91701019b9481977b758a91"},
    {file = "pymediainfo-4.1-py2.py3-none-win32.whl", hash = "sha256:10d6084c5ad3a03c5618a6c2a0cf43f7cd19127bd058aeedb05d1938b7e9e672"},
    {file = "pymediainfo-4.1-py2.py3-none-win_amd64.whl", hash = "sha256:d6552b1d7c651679efc12a9f5e1b3027590d65001977cb5f79297b04307de8cf"},
    {file = "pymediainfo-4.1.tar.gz", hash = "sha256:ed6a8f3dcd255895021d40d1299be333a1bead3dbe8df4cbe1a863ba8fee1756"},
]
six = [
    {file = "six-1.13.0-py2.py3-none-any.whl", hash = "sha256:1f1b7d42e254082a9db6279deae68afb421ceba6158efa6131de7b3003ee93fd"},
    {file = "six-1.13.0.tar.gz", hash = "sha256:30f610279e8b2578cab6db20741130331735c781b56053c59c4076da27f06b66"},
]
tqdm = [
    {file = "tqdm-4.40.2-py2.py3-none-any.whl", hash = "sha256:7543892c59720e36e4212180274d8f58dde36803bc1f6370fd09afa20b8f5892"},
    {file = "tqdm-4.40.2.tar.gz", hash = "sha256:f0ab01cf3ae5673d18f918700c0165e5fad0f26b5ebe4b34f62ead92686b5340"},
]
video-utils = [
    {file = "video_utils-1.1.1.tar.gz", hash = "sha256:754815afb7ddb21ea555c3655c69fafa0411d2832c2cc7a226b3028b584b0a03"},
]
